{
    "_readme": [
        "This file locks the dependencies of your project to a known state",
        "Read more about it at https://getcomposer.org/doc/01-basic-usage.md#installing-dependencies",
        "This file is @generated automatically"
    ],
    "content-hash": "98fd1f43dfe3dbca215ee3d8cc5b51e1",
    "packages": [
        {
            "name": "jalsoedesign/cli-clipboard",
            "version": "1.1.0",
            "source": {
                "type": "git",
                "url": "https://github.com/h2ooooooo/php-cli-clipboard.git",
                "reference": "8e382330a1162e3efe8cb7331a8e972975db5d31"
            },
            "dist": {
                "type": "zip",
                "url": "https://api.github.com/repos/h2ooooooo/php-cli-clipboard/zipball/8e382330a1162e3efe8cb7331a8e972975db5d31",
                "reference": "8e382330a1162e3efe8cb7331a8e972975db5d31",
                "shasum": ""
            },
            "require": {
                "tivie/php-os-detector": "*"
            },
            "type": "library",
            "autoload": {
                "psr-4": {
                    "jalsoedesign\\CliClipboard\\": "src/"
                }
            },
            "notification-url": "https://packagist.org/downloads/",
            "license": [
                "MIT"
            ],
            "authors": [
                {
                    "name": "Andreas Jalsoe",
                    "email": "andreas@jalsoedesign.net"
                }
            ],
            "description": "Enables a clipboard API to get/set and clear the clipboard on various platforms",
            "support": {
                "issues": "https://github.com/h2ooooooo/php-cli-clipboard/issues",
                "source": "https://github.com/h2ooooooo/php-cli-clipboard/tree/master"
            },
            "time": "2019-07-18T16:46:44+00:00"
        },
        {
            "name": "thiagoalessio/tesseract_ocr",
            "version": "2.13.0",
            "source": {
                "type": "git",
                "url": "https://github.com/thiagoalessio/tesseract-ocr-for-php.git",
                "reference": "232a8cb9d571992f9bd1e263f2f6909cf6c173a1"
            },
            "dist": {
                "type": "zip",
                "url": "https://api.github.com/repos/thiagoalessio/tesseract-ocr-for-php/zipball/232a8cb9d571992f9bd1e263f2f6909cf6c173a1",
                "reference": "232a8cb9d571992f9bd1e263f2f6909cf6c173a1",
                "shasum": ""
            },
            "require": {
                "php": "^5.3 || ^7.0 || ^8.0"
            },
            "require-dev": {
                "phpunit/php-code-coverage": "^2.2.4 || ^9.0.0"
            },
            "type": "library",
            "autoload": {
                "psr-4": {
                    "thiagoalessio\\TesseractOCR\\": "src/"
                }
            },
            "notification-url": "https://packagist.org/downloads/",
            "license": [
                "MIT"
            ],
            "authors": [
                {
                    "name": "thiagoalessio",
                    "email": "thiagoalessio@me.com"
                }
            ],
            "description": "A wrapper to work with Tesseract OCR inside PHP.",
            "keywords": [
                "OCR",
                "Tesseract",
                "text recognition"
            ],
            "support": {
                "irc": "irc://irc.freenode.net/tesseract-ocr-for-php",
                "issues": "https://github.com/thiagoalessio/tesseract-ocr-for-php/issues",
                "source": "https://github.com/thiagoalessio/tesseract-ocr-for-php"
            },
            "time": "2023-10-05T21:14:48+00:00"
        },
        {
            "name": "tivie/php-os-detector",
            "version": "1.1.0",
            "source": {
                "type": "git",
                "url": "https://github.com/tivie/php-os-detector.git",
                "reference": "9461dcd85c00e03842264f2fc8ccdc8d46867321"
            },
            "dist": {
                "type": "zip",
                "url": "https://api.github.com/repos/tivie/php-os-detector/zipball/9461dcd85c00e03842264f2fc8ccdc8d46867321",
                "reference": "9461dcd85c00e03842264f2fc8ccdc8d46867321",
                "shasum": ""
            },
            "require": {
                "php": ">=5.3.0"
            },
            "require-dev": {
                "phpunit/phpunit": "4.3.*"
            },
            "type": "library",
            "autoload": {
                "psr-4": {
                    "Tivie\\OS\\": "src/"
                }
            },
            "notification-url": "https://packagist.org/downloads/",
            "license": [
                "APACHE 2.0"
            ],
            "authors": [
                {
                    "name": "Estevão Soares dos Santos",
                    "email": "estevao@soares-dos-santos.com"
                }
            ],
            "description": "A small utility library that detects the OS the server is running on",
            "homepage": "http://tivie.github.com/php-os-detector/",
            "keywords": [
                "detection",
                "detector",
                "identification",
                "operating system",
                "os",
                "os detection"
            ],
            "support": {
                "issues": "https://github.com/tivie/php-os-detector/issues",
                "source": "https://github.com/tivie/php-os-detector/tree/master"
            },
            "time": "2017-10-21T03:33:59+00:00"
        }
    ],
    "packages-dev": [],
    "aliases": [],
    "minimum-stability": "stable",
    "stability-flags": {},
    "prefer-stable": false,
    "prefer-lowest": false,
    "platform": {},
    "platform-dev": {},
    "plugin-api-version": "2.6.0"
}
